
Microsoft Visual Studio Solution File, Format Version 12.00
# Visual Studio Version 17
VisualStudioVersion = 17.10.34916.146
MinimumVisualStudioVersion = 10.0.40219.1
Project("{FAE04EC0-301F-11D3-BF4B-00C04F79EFBC}") = "BulkyBookWeb", "BulkyBookWeb\BulkyBookWeb.csproj", "{4BFFBFE3-9DF7-42B2-8FB5-0CDE2C5FF926}"
EndProject
Global
	GlobalSection(SolutionConfigurationPlatforms) = preSolution
		Debug|Any CPU = Debug|Any CPU
		Release|Any CPU = Release|Any CPU
	EndGlobalSection
	GlobalSection(ProjectConfigurationPlatforms) = postSolution
		{4BFFBFE3-9DF7-42B2-8FB5-0CDE2C5FF926}.Debug|Any CPU.ActiveCfg = Debug|Any CPU
		{4BFFBFE3-9DF7-42B2-8FB5-0CDE2C5FF926}.Debug|Any CPU.Build.0 = Debug|Any CPU
		{4BFFBFE3-9DF7-42B2-8FB5-0CDE2C5FF926}.Release|Any CPU.ActiveCfg = Release|Any CPU
		{4BFFBFE3-9DF7-42B2-8FB5-0CDE2C5FF926}.Release|Any CPU.Build.0 = Release|Any CPU
	EndGlobalSection
	GlobalSection(SolutionProperties) = preSolution
		HideSolutionNode = FALSE
	EndGlobalSection
	GlobalSection(ExtensibilityGlobals) = postSolution
		SolutionGuid = {7F3122DA-BE4E-4B7C-BEA0-9448241362FF}
	EndGlobalSection
EndGlobal
