
Microsoft Visual Studio Solution File, Format Version 12.00
# Visual Studio Version 17
VisualStudioVersion = 17.10.34916.146
MinimumVisualStudioVersion = 10.0.40219.1
Project("{FAE04EC0-301F-11D3-BF4B-00C04F79EFBC}") = "WebApp", "WebApp\WebApp.csproj", "{0577CA02-51F3-4801-84BC-6C557B2CB3AD}"
EndProject
Global
	GlobalSection(SolutionConfigurationPlatforms) = preSolution
		Debug|Any CPU = Debug|Any CPU
		Release|Any CPU = Release|Any CPU
	EndGlobalSection
	GlobalSection(ProjectConfigurationPlatforms) = postSolution
		{0577CA02-51F3-4801-84BC-6C557B2CB3AD}.Debug|Any CPU.ActiveCfg = Debug|Any CPU
		{0577CA02-51F3-4801-84BC-6C557B2CB3AD}.Debug|Any CPU.Build.0 = Debug|Any CPU
		{0577CA02-51F3-4801-84BC-6C557B2CB3AD}.Release|Any CPU.ActiveCfg = Release|Any CPU
		{0577CA02-51F3-4801-84BC-6C557B2CB3AD}.Release|Any CPU.Build.0 = Release|Any CPU
	EndGlobalSection
	GlobalSection(SolutionProperties) = preSolution
		HideSolutionNode = FALSE
	EndGlobalSection
	GlobalSection(ExtensibilityGlobals) = postSolution
		SolutionGuid = {AEA0D560-8F50-4B2E-AC41-B72761BE2C99}
	EndGlobalSection
EndGlobal
